// !$*UTF8*$!
{
	archiveVersion = 1;
	classes = {
	};
	objectVersion = 52;
	objects = {

/* Begin PBXBuildFile section */
		1F0876E125DE09F400CCC9D7 /* States.swift in Sources */ = {isa = PBXBuildFile; fileRef = 1F0876E025DE09F400CCC9D7 /* States.swift */; };
		1F09443725DD363C006ACEC7 /* WelcomeViewController.swift in Sources */ = {isa = PBXBuildFile; fileRef = 1F09443625DD363C006ACEC7 /* WelcomeViewController.swift */; };
		1F0AA1A325F773D90062D54E /* firebaseRef.swift in Sources */ = {isa = PBXBuildFile; fileRef = 1F0AA1A225F773D90062D54E /* firebaseRef.swift */; };
		1F0E0D6425CA603E0055CE65 /* SignUpViewController.swift in Sources */ = {isa = PBXBuildFile; fileRef = 1F0E0D6325CA603E0055CE65 /* SignUpViewController.swift */; };
		1F0E0D6725CA78360055CE65 /* LoginViewController.swift in Sources */ = {isa = PBXBuildFile; fileRef = 1F0E0D6625CA78360055CE65 /* LoginViewController.swift */; };
		1F124E9525F8705E000015E5 /* PrefSettingsViewController.swift in Sources */ = {isa = PBXBuildFile; fileRef = 1F124E9425F8705E000015E5 /* PrefSettingsViewController.swift */; };
		1F2096C025CAB2F000C343CB /* Constants.swift in Sources */ = {isa = PBXBuildFile; fileRef = 1F2096BF25CAB2F000C343CB /* Constants.swift */; };
		1F22EC3F25F8E7F5008789F2 /* allrecipes.json in Resources */ = {isa = PBXBuildFile; fileRef = 1F22EC3D25F8E7F5008789F2 /* allrecipes.json */; };
		1F22EC4025F8E7F5008789F2 /* fp.json in Resources */ = {isa = PBXBuildFile; fileRef = 1F22EC3E25F8E7F5008789F2 /* fp.json */; };
		1F3002A525F8A675001C02BE /* ProgressViewController.swift in Sources */ = {isa = PBXBuildFile; fileRef = 1F3002A425F8A675001C02BE /* ProgressViewController.swift */; };
		1F31525D25F60F5C00A9641C /* PreferencesViewController.swift in Sources */ = {isa = PBXBuildFile; fileRef = 1F31525C25F60F5C00A9641C /* PreferencesViewController.swift */; };
		1F325D2325DFCCC500AA8ACA /* HomeViewController.swift in Sources */ = {isa = PBXBuildFile; fileRef = 1F325D2225DFCCC500AA8ACA /* HomeViewController.swift */; };
		1F325D2625DFCCD300AA8ACA /* SettingsViewController.swift in Sources */ = {isa = PBXBuildFile; fileRef = 1F325D2525DFCCD300AA8ACA /* SettingsViewController.swift */; };
		1F4496C625EA5456000DFADD /* WeightViewController.swift in Sources */ = {isa = PBXBuildFile; fileRef = 1F4496C525EA5456000DFADD /* WeightViewController.swift */; };
		1F5FAC1725EA19A8005BDC12 /* GenderViewController.swift in Sources */ = {isa = PBXBuildFile; fileRef = 1F5FAC1625EA19A8005BDC12 /* GenderViewController.swift */; };
		1F64ED6B25F2133B00676682 /* AccountViewController.swift in Sources */ = {isa = PBXBuildFile; fileRef = 1F64ED6A25F2133B00676682 /* AccountViewController.swift */; };
		1F64ED8425F2215700676682 /* DeleteAccountViewController.swift in Sources */ = {isa = PBXBuildFile; fileRef = 1F64ED8325F2215700676682 /* DeleteAccountViewController.swift */; };
		1F6CA10325DA397800C7296A /* HealthKit.framework in Frameworks */ = {isa = PBXBuildFile; fileRef = 1F6CA10225DA397800C7296A /* HealthKit.framework */; };
		1F6CA10525DA3C5100C7296A /* healthKit.swift in Sources */ = {isa = PBXBuildFile; fileRef = 1F6CA10425DA3C5100C7296A /* healthKit.swift */; };
		1F6F176325EF76F50046BC44 /* CategoryInfo.swift in Sources */ = {isa = PBXBuildFile; fileRef = 1F6F176225EF76F50046BC44 /* CategoryInfo.swift */; };
		1F73C10A25EF8F5F0022F84B /* categories.txt in Resources */ = {isa = PBXBuildFile; fileRef = 1F73C10925EF8F5F0022F84B /* categories.txt */; };
		1F9E3EC125CACC4D008A28B3 /* BodyMeasurementsViewController.swift in Sources */ = {isa = PBXBuildFile; fileRef = 1F9E3EC025CACC4D008A28B3 /* BodyMeasurementsViewController.swift */; };
		1FA31DA225F9D5A7004AF6DE /* RecipeViewController.swift in Sources */ = {isa = PBXBuildFile; fileRef = 1FA31DA125F9D5A7004AF6DE /* RecipeViewController.swift */; };
		1FB2FB5725C8D57100DCD524 /* AppDelegate.swift in Sources */ = {isa = PBXBuildFile; fileRef = 1FB2FB5625C8D57100DCD524 /* AppDelegate.swift */; };
		1FB2FB5925C8D57100DCD524 /* SceneDelegate.swift in Sources */ = {isa = PBXBuildFile; fileRef = 1FB2FB5825C8D57100DCD524 /* SceneDelegate.swift */; };
		1FB2FB5B25C8D57100DCD524 /* ViewController.swift in Sources */ = {isa = PBXBuildFile; fileRef = 1FB2FB5A25C8D57100DCD524 /* ViewController.swift */; };
		1FB2FB5E25C8D57100DCD524 /* Main.storyboard in Resources */ = {isa = PBXBuildFile; fileRef = 1FB2FB5C25C8D57100DCD524 /* Main.storyboard */; };
		1FB2FB6025C8D57400DCD524 /* Assets.xcassets in Resources */ = {isa = PBXBuildFile; fileRef = 1FB2FB5F25C8D57400DCD524 /* Assets.xcassets */; };
		1FB2FB6325C8D57400DCD524 /* LaunchScreen.storyboard in Resources */ = {isa = PBXBuildFile; fileRef = 1FB2FB6125C8D57400DCD524 /* LaunchScreen.storyboard */; };
		1FB5050E25E0B5C300531682 /* formatting.swift in Sources */ = {isa = PBXBuildFile; fileRef = 1FB5050D25E0B5C300531682 /* formatting.swift */; };
		1FC8639425DE9CE0004B4B31 /* currentUser.swift in Sources */ = {isa = PBXBuildFile; fileRef = 1FC8639325DE9CE0004B4B31 /* currentUser.swift */; };
		1FCFB75C25DFC83800259149 /* TabbedViewController.swift in Sources */ = {isa = PBXBuildFile; fileRef = 1FCFB75B25DFC83800259149 /* TabbedViewController.swift */; };
		1FD4460A25CA9704009CEF4A /* GoogleService-Info.plist in Resources */ = {isa = PBXBuildFile; fileRef = 1FD4460925CA9704009CEF4A /* GoogleService-Info.plist */; };
		1FEFC6AA25CAA73A00CE8523 /* Utilities.swift in Sources */ = {isa = PBXBuildFile; fileRef = 1FEFC6A925CAA73A00CE8523 /* Utilities.swift */; };
		1FF1ABE125F2674400E8D25C /* UpdateBMViewController.swift in Sources */ = {isa = PBXBuildFile; fileRef = 1FF1ABE025F2674400E8D25C /* UpdateBMViewController.swift */; };
		1FF6914025F2521900E06C5C /* AddMealViewController.swift in Sources */ = {isa = PBXBuildFile; fileRef = 1FF6913F25F2521900E06C5C /* AddMealViewController.swift */; };
		4488C76B25ED04E3005A32FC /* DBHelper.swift in Sources */ = {isa = PBXBuildFile; fileRef = 4488C76A25ED04E3005A32FC /* DBHelper.swift */; };
		4488C78325ED059F005A32FC /* Recipe.swift in Sources */ = {isa = PBXBuildFile; fileRef = 4488C78225ED059F005A32FC /* Recipe.swift */; };
		44C5420C25F8D89700832B01 /* SwiftyJSON in Frameworks */ = {isa = PBXBuildFile; productRef = 44C5420B25F8D89700832B01 /* SwiftyJSON */; };
		44C542B125F8E3A600832B01 /* categories in Resources */ = {isa = PBXBuildFile; fileRef = 44C542B025F8E3A600832B01 /* categories */; };
		44F6C4CA25F9BE3C00153DC2 /* dbReader.swift in Sources */ = {isa = PBXBuildFile; fileRef = 44F6C4C925F9BE3C00153DC2 /* dbReader.swift */; };
		80DD2799A2FD38377CE3AD21 /* Pods_testing.framework in Frameworks */ = {isa = PBXBuildFile; fileRef = 5D049976888F907BB8A4DD87 /* Pods_testing.framework */; };
/* End PBXBuildFile section */

/* Begin PBXFileReference section */
		1092F5901D05FFAEA8C0C8C9 /* Pods-testing.debug.xcconfig */ = {isa = PBXFileReference; includeInIndex = 1; lastKnownFileType = text.xcconfig; name = "Pods-testing.debug.xcconfig"; path = "Target Support Files/Pods-testing/Pods-testing.debug.xcconfig"; sourceTree = "<group>"; };
		1F0876E025DE09F400CCC9D7 /* States.swift */ = {isa = PBXFileReference; lastKnownFileType = sourcecode.swift; path = States.swift; sourceTree = "<group>"; };
		1F09443625DD363C006ACEC7 /* WelcomeViewController.swift */ = {isa = PBXFileReference; lastKnownFileType = sourcecode.swift; path = WelcomeViewController.swift; sourceTree = "<group>"; };
		1F0AA1A225F773D90062D54E /* firebaseRef.swift */ = {isa = PBXFileReference; lastKnownFileType = sourcecode.swift; path = firebaseRef.swift; sourceTree = "<group>"; };
		1F0E0D6325CA603E0055CE65 /* SignUpViewController.swift */ = {isa = PBXFileReference; lastKnownFileType = sourcecode.swift; path = SignUpViewController.swift; sourceTree = "<group>"; };
		1F0E0D6625CA78360055CE65 /* LoginViewController.swift */ = {isa = PBXFileReference; lastKnownFileType = sourcecode.swift; path = LoginViewController.swift; sourceTree = "<group>"; };
		1F124E9425F8705E000015E5 /* PrefSettingsViewController.swift */ = {isa = PBXFileReference; lastKnownFileType = sourcecode.swift; path = PrefSettingsViewController.swift; sourceTree = "<group>"; };
		1F2096BF25CAB2F000C343CB /* Constants.swift */ = {isa = PBXFileReference; lastKnownFileType = sourcecode.swift; path = Constants.swift; sourceTree = "<group>"; };
		1F22EC3D25F8E7F5008789F2 /* allrecipes.json */ = {isa = PBXFileReference; fileEncoding = 4; lastKnownFileType = text.json; path = allrecipes.json; sourceTree = "<group>"; };
		1F22EC3E25F8E7F5008789F2 /* fp.json */ = {isa = PBXFileReference; fileEncoding = 4; lastKnownFileType = text.json; path = fp.json; sourceTree = "<group>"; };
		1F3002A425F8A675001C02BE /* ProgressViewController.swift */ = {isa = PBXFileReference; lastKnownFileType = sourcecode.swift; path = ProgressViewController.swift; sourceTree = "<group>"; };
		1F31525C25F60F5C00A9641C /* PreferencesViewController.swift */ = {isa = PBXFileReference; lastKnownFileType = sourcecode.swift; path = PreferencesViewController.swift; sourceTree = "<group>"; };
		1F325D2225DFCCC500AA8ACA /* HomeViewController.swift */ = {isa = PBXFileReference; lastKnownFileType = sourcecode.swift; path = HomeViewController.swift; sourceTree = "<group>"; };
		1F325D2525DFCCD300AA8ACA /* SettingsViewController.swift */ = {isa = PBXFileReference; lastKnownFileType = sourcecode.swift; path = SettingsViewController.swift; sourceTree = "<group>"; };
		1F4496C525EA5456000DFADD /* WeightViewController.swift */ = {isa = PBXFileReference; lastKnownFileType = sourcecode.swift; path = WeightViewController.swift; sourceTree = "<group>"; };
		1F5FAC1625EA19A8005BDC12 /* GenderViewController.swift */ = {isa = PBXFileReference; lastKnownFileType = sourcecode.swift; path = GenderViewController.swift; sourceTree = "<group>"; };
		1F64ED6A25F2133B00676682 /* AccountViewController.swift */ = {isa = PBXFileReference; lastKnownFileType = sourcecode.swift; path = AccountViewController.swift; sourceTree = "<group>"; };
		1F64ED8325F2215700676682 /* DeleteAccountViewController.swift */ = {isa = PBXFileReference; lastKnownFileType = sourcecode.swift; path = DeleteAccountViewController.swift; sourceTree = "<group>"; };
		1F6CA10125DA397800C7296A /* testing.entitlements */ = {isa = PBXFileReference; lastKnownFileType = text.plist.entitlements; path = testing.entitlements; sourceTree = "<group>"; };
		1F6CA10225DA397800C7296A /* HealthKit.framework */ = {isa = PBXFileReference; lastKnownFileType = wrapper.framework; name = HealthKit.framework; path = System/Library/Frameworks/HealthKit.framework; sourceTree = SDKROOT; };
		1F6CA10425DA3C5100C7296A /* healthKit.swift */ = {isa = PBXFileReference; lastKnownFileType = sourcecode.swift; path = healthKit.swift; sourceTree = "<group>"; };
		1F6F176225EF76F50046BC44 /* CategoryInfo.swift */ = {isa = PBXFileReference; lastKnownFileType = sourcecode.swift; path = CategoryInfo.swift; sourceTree = "<group>"; };
		1F73C10925EF8F5F0022F84B /* categories.txt */ = {isa = PBXFileReference; fileEncoding = 4; lastKnownFileType = text; path = categories.txt; sourceTree = "<group>"; };
		1F9E3EC025CACC4D008A28B3 /* BodyMeasurementsViewController.swift */ = {isa = PBXFileReference; lastKnownFileType = sourcecode.swift; path = BodyMeasurementsViewController.swift; sourceTree = "<group>"; };
		1FA31DA125F9D5A7004AF6DE /* RecipeViewController.swift */ = {isa = PBXFileReference; lastKnownFileType = sourcecode.swift; path = RecipeViewController.swift; sourceTree = "<group>"; };
		1FA8CD3625F8C03D007F299C /* test.swift */ = {isa = PBXFileReference; lastKnownFileType = sourcecode.swift; path = test.swift; sourceTree = "<group>"; };
		1FB2FB5325C8D57100DCD524 /* testing.app */ = {isa = PBXFileReference; explicitFileType = wrapper.application; includeInIndex = 0; path = testing.app; sourceTree = BUILT_PRODUCTS_DIR; };
		1FB2FB5625C8D57100DCD524 /* AppDelegate.swift */ = {isa = PBXFileReference; lastKnownFileType = sourcecode.swift; path = AppDelegate.swift; sourceTree = "<group>"; };
		1FB2FB5825C8D57100DCD524 /* SceneDelegate.swift */ = {isa = PBXFileReference; lastKnownFileType = sourcecode.swift; path = SceneDelegate.swift; sourceTree = "<group>"; };
		1FB2FB5A25C8D57100DCD524 /* ViewController.swift */ = {isa = PBXFileReference; lastKnownFileType = sourcecode.swift; path = ViewController.swift; sourceTree = "<group>"; };
		1FB2FB5D25C8D57100DCD524 /* Base */ = {isa = PBXFileReference; lastKnownFileType = file.storyboard; name = Base; path = Base.lproj/Main.storyboard; sourceTree = "<group>"; };
		1FB2FB5F25C8D57400DCD524 /* Assets.xcassets */ = {isa = PBXFileReference; lastKnownFileType = folder.assetcatalog; path = Assets.xcassets; sourceTree = "<group>"; };
		1FB2FB6225C8D57400DCD524 /* Base */ = {isa = PBXFileReference; lastKnownFileType = file.storyboard; name = Base; path = Base.lproj/LaunchScreen.storyboard; sourceTree = "<group>"; };
		1FB2FB6425C8D57400DCD524 /* Info.plist */ = {isa = PBXFileReference; lastKnownFileType = text.plist.xml; path = Info.plist; sourceTree = "<group>"; };
		1FB5050D25E0B5C300531682 /* formatting.swift */ = {isa = PBXFileReference; lastKnownFileType = sourcecode.swift; path = formatting.swift; sourceTree = "<group>"; };
		1FC8639325DE9CE0004B4B31 /* currentUser.swift */ = {isa = PBXFileReference; lastKnownFileType = sourcecode.swift; path = currentUser.swift; sourceTree = "<group>"; };
		1FCFB75B25DFC83800259149 /* TabbedViewController.swift */ = {isa = PBXFileReference; lastKnownFileType = sourcecode.swift; path = TabbedViewController.swift; sourceTree = "<group>"; };
		1FD4460925CA9704009CEF4A /* GoogleService-Info.plist */ = {isa = PBXFileReference; fileEncoding = 4; lastKnownFileType = text.plist.xml; path = "GoogleService-Info.plist"; sourceTree = "<group>"; };
		1FEFC6A925CAA73A00CE8523 /* Utilities.swift */ = {isa = PBXFileReference; fileEncoding = 4; lastKnownFileType = sourcecode.swift; path = Utilities.swift; sourceTree = "<group>"; };
		1FF1ABE025F2674400E8D25C /* UpdateBMViewController.swift */ = {isa = PBXFileReference; lastKnownFileType = sourcecode.swift; path = UpdateBMViewController.swift; sourceTree = "<group>"; };
		1FF6913F25F2521900E06C5C /* AddMealViewController.swift */ = {isa = PBXFileReference; lastKnownFileType = sourcecode.swift; path = AddMealViewController.swift; sourceTree = "<group>"; };
		4488C76A25ED04E3005A32FC /* DBHelper.swift */ = {isa = PBXFileReference; lastKnownFileType = sourcecode.swift; path = DBHelper.swift; sourceTree = "<group>"; };
		4488C78225ED059F005A32FC /* Recipe.swift */ = {isa = PBXFileReference; lastKnownFileType = sourcecode.swift; path = Recipe.swift; sourceTree = "<group>"; };
		44C542B025F8E3A600832B01 /* categories */ = {isa = PBXFileReference; lastKnownFileType = folder; path = categories; sourceTree = "<group>"; };
		44F6C4C925F9BE3C00153DC2 /* dbReader.swift */ = {isa = PBXFileReference; lastKnownFileType = sourcecode.swift; path = dbReader.swift; sourceTree = "<group>"; };
		5D049976888F907BB8A4DD87 /* Pods_testing.framework */ = {isa = PBXFileReference; explicitFileType = wrapper.framework; includeInIndex = 0; path = Pods_testing.framework; sourceTree = BUILT_PRODUCTS_DIR; };
		E31C65D13771AB2FD875A54D /* Pods-testing.release.xcconfig */ = {isa = PBXFileReference; includeInIndex = 1; lastKnownFileType = text.xcconfig; name = "Pods-testing.release.xcconfig"; path = "Target Support Files/Pods-testing/Pods-testing.release.xcconfig"; sourceTree = "<group>"; };
/* End PBXFileReference section */

/* Begin PBXFrameworksBuildPhase section */
		1FB2FB5025C8D57100DCD524 /* Frameworks */ = {
			isa = PBXFrameworksBuildPhase;
			buildActionMask = 2147483647;
			files = (
				44C5420C25F8D89700832B01 /* SwiftyJSON in Frameworks */,
				80DD2799A2FD38377CE3AD21 /* Pods_testing.framework in Frameworks */,
				1F6CA10325DA397800C7296A /* HealthKit.framework in Frameworks */,
			);
			runOnlyForDeploymentPostprocessing = 0;
		};
/* End PBXFrameworksBuildPhase section */

/* Begin PBXGroup section */
		1F0AA1A125F773C80062D54E /* Reference */ = {
			isa = PBXGroup;
			children = (
				1F0AA1A225F773D90062D54E /* firebaseRef.swift */,
			);
			path = Reference;
			sourceTree = "<group>";
		};
		1F0E0D6C25CA786F0055CE65 /* View Controllers */ = {
			isa = PBXGroup;
			children = (
				1FF85CEC25F874B00050FA3E /* Login */,
				1FF85CEB25F874820050FA3E /* Sign Up */,
				1F124E9725F8722B000015E5 /* Settings */,
				1FB2FB5A25C8D57100DCD524 /* ViewController.swift */,
				1F09443625DD363C006ACEC7 /* WelcomeViewController.swift */,
				1FCFB75B25DFC83800259149 /* TabbedViewController.swift */,
				1F325D2225DFCCC500AA8ACA /* HomeViewController.swift */,
				1FF6913F25F2521900E06C5C /* AddMealViewController.swift */,
				1F3002A425F8A675001C02BE /* ProgressViewController.swift */,
				1FA31DA125F9D5A7004AF6DE /* RecipeViewController.swift */,
			);
			path = "View Controllers";
			sourceTree = "<group>";
		};
		1F124E9725F8722B000015E5 /* Settings */ = {
			isa = PBXGroup;
			children = (
				1F325D2525DFCCD300AA8ACA /* SettingsViewController.swift */,
				1F64ED8325F2215700676682 /* DeleteAccountViewController.swift */,
				1FF1ABE025F2674400E8D25C /* UpdateBMViewController.swift */,
				1F64ED6A25F2133B00676682 /* AccountViewController.swift */,
				1F124E9425F8705E000015E5 /* PrefSettingsViewController.swift */,
			);
			path = Settings;
			sourceTree = "<group>";
		};
		1F6F176125EF76B40046BC44 /* Database */ = {
			isa = PBXGroup;
			children = (
				44C542B025F8E3A600832B01 /* categories */,
				1F22EC3D25F8E7F5008789F2 /* allrecipes.json */,
				1F22EC3E25F8E7F5008789F2 /* fp.json */,
				4488C76A25ED04E3005A32FC /* DBHelper.swift */,
				4488C78225ED059F005A32FC /* Recipe.swift */,
				1F6F176225EF76F50046BC44 /* CategoryInfo.swift */,
				1F73C10925EF8F5F0022F84B /* categories.txt */,
				44F6C4C925F9BE3C00153DC2 /* dbReader.swift */,
			);
			path = Database;
			sourceTree = "<group>";
		};
		1FB2FB4A25C8D57100DCD524 = {
			isa = PBXGroup;
			children = (
				1FB2FB5525C8D57100DCD524 /* testing */,
				1FB2FB5425C8D57100DCD524 /* Products */,
				BCF2AA36EDD9B36ECD7F6AAF /* Pods */,
				C9190822902F519D373242B0 /* Frameworks */,
				4476D58725F8C183001A60A3 /* Recovered References */,
			);
			sourceTree = "<group>";
		};
		1FB2FB5425C8D57100DCD524 /* Products */ = {
			isa = PBXGroup;
			children = (
				1FB2FB5325C8D57100DCD524 /* testing.app */,
			);
			name = Products;
			sourceTree = "<group>";
		};
		1FB2FB5525C8D57100DCD524 /* testing */ = {
			isa = PBXGroup;
			children = (
				1F0AA1A125F773C80062D54E /* Reference */,
				1F6CA10125DA397800C7296A /* testing.entitlements */,
				1FB2FB5625C8D57100DCD524 /* AppDelegate.swift */,
				1FB2FB5825C8D57100DCD524 /* SceneDelegate.swift */,
				1F6F176125EF76B40046BC44 /* Database */,
				1FEFC6AC25CAA74100CE8523 /* Helpers */,
				1F0E0D6C25CA786F0055CE65 /* View Controllers */,
				1FB2FB5C25C8D57100DCD524 /* Main.storyboard */,
				1FB2FB5F25C8D57400DCD524 /* Assets.xcassets */,
				1FB2FB6125C8D57400DCD524 /* LaunchScreen.storyboard */,
				1FD4460925CA9704009CEF4A /* GoogleService-Info.plist */,
				1FB2FB6425C8D57400DCD524 /* Info.plist */,
				1F6CA10425DA3C5100C7296A /* healthKit.swift */,
			);
			path = testing;
			sourceTree = "<group>";
		};
		1FEFC6AC25CAA74100CE8523 /* Helpers */ = {
			isa = PBXGroup;
			children = (
				1FEFC6A925CAA73A00CE8523 /* Utilities.swift */,
				1F2096BF25CAB2F000C343CB /* Constants.swift */,
				1F0876E025DE09F400CCC9D7 /* States.swift */,
				1FC8639325DE9CE0004B4B31 /* currentUser.swift */,
				1FB5050D25E0B5C300531682 /* formatting.swift */,
			);
			path = Helpers;
			sourceTree = "<group>";
		};
		1FF85CEB25F874820050FA3E /* Sign Up */ = {
			isa = PBXGroup;
			children = (
				1F0E0D6325CA603E0055CE65 /* SignUpViewController.swift */,
				1F9E3EC025CACC4D008A28B3 /* BodyMeasurementsViewController.swift */,
				1F5FAC1625EA19A8005BDC12 /* GenderViewController.swift */,
				1F4496C525EA5456000DFADD /* WeightViewController.swift */,
				1F31525C25F60F5C00A9641C /* PreferencesViewController.swift */,
			);
			path = "Sign Up";
			sourceTree = "<group>";
		};
		1FF85CEC25F874B00050FA3E /* Login */ = {
			isa = PBXGroup;
			children = (
				1F0E0D6625CA78360055CE65 /* LoginViewController.swift */,
			);
			path = Login;
			sourceTree = "<group>";
		};
		4476D58725F8C183001A60A3 /* Recovered References */ = {
			isa = PBXGroup;
			children = (
				1FA8CD3625F8C03D007F299C /* test.swift */,
			);
			name = "Recovered References";
			sourceTree = "<group>";
		};
		BCF2AA36EDD9B36ECD7F6AAF /* Pods */ = {
			isa = PBXGroup;
			children = (
				1092F5901D05FFAEA8C0C8C9 /* Pods-testing.debug.xcconfig */,
				E31C65D13771AB2FD875A54D /* Pods-testing.release.xcconfig */,
			);
			path = Pods;
			sourceTree = "<group>";
		};
		C9190822902F519D373242B0 /* Frameworks */ = {
			isa = PBXGroup;
			children = (
				1F6CA10225DA397800C7296A /* HealthKit.framework */,
				5D049976888F907BB8A4DD87 /* Pods_testing.framework */,
			);
			name = Frameworks;
			sourceTree = "<group>";
		};
/* End PBXGroup section */

/* Begin PBXNativeTarget section */
		1FB2FB5225C8D57100DCD524 /* testing */ = {
			isa = PBXNativeTarget;
			buildConfigurationList = 1FB2FB6725C8D57400DCD524 /* Build configuration list for PBXNativeTarget "testing" */;
			buildPhases = (
				8741804A78A8248DCB2461A1 /* [CP] Check Pods Manifest.lock */,
				1FB2FB4F25C8D57100DCD524 /* Sources */,
				1FB2FB5025C8D57100DCD524 /* Frameworks */,
				1FB2FB5125C8D57100DCD524 /* Resources */,
				AFBEFBF29DC1B57571B725A7 /* [CP] Embed Pods Frameworks */,
			);
			buildRules = (
			);
			dependencies = (
			);
			name = testing;
			packageProductDependencies = (
				44C5420B25F8D89700832B01 /* SwiftyJSON */,
			);
			productName = testing;
			productReference = 1FB2FB5325C8D57100DCD524 /* testing.app */;
			productType = "com.apple.product-type.application";
		};
/* End PBXNativeTarget section */

/* Begin PBXProject section */
		1FB2FB4B25C8D57100DCD524 /* Project object */ = {
			isa = PBXProject;
			attributes = {
				LastSwiftUpdateCheck = 1240;
				LastUpgradeCheck = 1240;
				TargetAttributes = {
					1FB2FB5225C8D57100DCD524 = {
						CreatedOnToolsVersion = 12.4;
					};
				};
			};
			buildConfigurationList = 1FB2FB4E25C8D57100DCD524 /* Build configuration list for PBXProject "testing" */;
			compatibilityVersion = "Xcode 9.3";
			developmentRegion = en;
			hasScannedForEncodings = 0;
			knownRegions = (
				en,
				Base,
			);
			mainGroup = 1FB2FB4A25C8D57100DCD524;
			packageReferences = (
				44C5420A25F8D89700832B01 /* XCRemoteSwiftPackageReference "SwiftyJSON" */,
			);
			productRefGroup = 1FB2FB5425C8D57100DCD524 /* Products */;
			projectDirPath = "";
			projectRoot = "";
			targets = (
				1FB2FB5225C8D57100DCD524 /* testing */,
			);
		};
/* End PBXProject section */

/* Begin PBXResourcesBuildPhase section */
		1FB2FB5125C8D57100DCD524 /* Resources */ = {
			isa = PBXResourcesBuildPhase;
			buildActionMask = 2147483647;
			files = (
				44C542B125F8E3A600832B01 /* categories in Resources */,
				1F22EC3F25F8E7F5008789F2 /* allrecipes.json in Resources */,
				1FB2FB6325C8D57400DCD524 /* LaunchScreen.storyboard in Resources */,
				1F73C10A25EF8F5F0022F84B /* categories.txt in Resources */,
				1FD4460A25CA9704009CEF4A /* GoogleService-Info.plist in Resources */,
				1F22EC4025F8E7F5008789F2 /* fp.json in Resources */,
				1FB2FB6025C8D57400DCD524 /* Assets.xcassets in Resources */,
				1FB2FB5E25C8D57100DCD524 /* Main.storyboard in Resources */,
			);
			runOnlyForDeploymentPostprocessing = 0;
		};
/* End PBXResourcesBuildPhase section */

/* Begin PBXShellScriptBuildPhase section */
		8741804A78A8248DCB2461A1 /* [CP] Check Pods Manifest.lock */ = {
			isa = PBXShellScriptBuildPhase;
			buildActionMask = 2147483647;
			files = (
			);
			inputFileListPaths = (
			);
			inputPaths = (
				"${PODS_PODFILE_DIR_PATH}/Podfile.lock",
				"${PODS_ROOT}/Manifest.lock",
			);
			name = "[CP] Check Pods Manifest.lock";
			outputFileListPaths = (
			);
			outputPaths = (
				"$(DERIVED_FILE_DIR)/Pods-testing-checkManifestLockResult.txt",
			);
			runOnlyForDeploymentPostprocessing = 0;
			shellPath = /bin/sh;
			shellScript = "diff \"${PODS_PODFILE_DIR_PATH}/Podfile.lock\" \"${PODS_ROOT}/Manifest.lock\" > /dev/null\nif [ $? != 0 ] ; then\n    # print error to STDERR\n    echo \"error: The sandbox is not in sync with the Podfile.lock. Run 'pod install' or update your CocoaPods installation.\" >&2\n    exit 1\nfi\n# This output is used by Xcode 'outputs' to avoid re-running this script phase.\necho \"SUCCESS\" > \"${SCRIPT_OUTPUT_FILE_0}\"\n";
			showEnvVarsInLog = 0;
		};
		AFBEFBF29DC1B57571B725A7 /* [CP] Embed Pods Frameworks */ = {
			isa = PBXShellScriptBuildPhase;
			buildActionMask = 2147483647;
			files = (
			);
			inputFileListPaths = (
				"${PODS_ROOT}/Target Support Files/Pods-testing/Pods-testing-frameworks-${CONFIGURATION}-input-files.xcfilelist",
			);
			name = "[CP] Embed Pods Frameworks";
			outputFileListPaths = (
				"${PODS_ROOT}/Target Support Files/Pods-testing/Pods-testing-frameworks-${CONFIGURATION}-output-files.xcfilelist",
			);
			runOnlyForDeploymentPostprocessing = 0;
			shellPath = /bin/sh;
			shellScript = "\"${PODS_ROOT}/Target Support Files/Pods-testing/Pods-testing-frameworks.sh\"\n";
			showEnvVarsInLog = 0;
		};
/* End PBXShellScriptBuildPhase section */

/* Begin PBXSourcesBuildPhase section */
		1FB2FB4F25C8D57100DCD524 /* Sources */ = {
			isa = PBXSourcesBuildPhase;
			buildActionMask = 2147483647;
			files = (
				1FB2FB5B25C8D57100DCD524 /* ViewController.swift in Sources */,
				1FF1ABE125F2674400E8D25C /* UpdateBMViewController.swift in Sources */,
				1F0AA1A325F773D90062D54E /* firebaseRef.swift in Sources */,
				1FB2FB5725C8D57100DCD524 /* AppDelegate.swift in Sources */,
				1F09443725DD363C006ACEC7 /* WelcomeViewController.swift in Sources */,
				1FC8639425DE9CE0004B4B31 /* currentUser.swift in Sources */,
				1F0876E125DE09F400CCC9D7 /* States.swift in Sources */,
				1F6F176325EF76F50046BC44 /* CategoryInfo.swift in Sources */,
				1F325D2325DFCCC500AA8ACA /* HomeViewController.swift in Sources */,
				1FB5050E25E0B5C300531682 /* formatting.swift in Sources */,
				1FEFC6AA25CAA73A00CE8523 /* Utilities.swift in Sources */,
				1FCFB75C25DFC83800259149 /* TabbedViewController.swift in Sources */,
				1FA31DA225F9D5A7004AF6DE /* RecipeViewController.swift in Sources */,
				1F64ED6B25F2133B00676682 /* AccountViewController.swift in Sources */,
				1F325D2625DFCCD300AA8ACA /* SettingsViewController.swift in Sources */,
				1F5FAC1725EA19A8005BDC12 /* GenderViewController.swift in Sources */,
				1F3002A525F8A675001C02BE /* ProgressViewController.swift in Sources */,
				1F0E0D6425CA603E0055CE65 /* SignUpViewController.swift in Sources */,
				1F0E0D6725CA78360055CE65 /* LoginViewController.swift in Sources */,
				1F124E9525F8705E000015E5 /* PrefSettingsViewController.swift in Sources */,
				1FB2FB5925C8D57100DCD524 /* SceneDelegate.swift in Sources */,
				1F6CA10525DA3C5100C7296A /* healthKit.swift in Sources */,
				1F9E3EC125CACC4D008A28B3 /* BodyMeasurementsViewController.swift in Sources */,
				1F64ED8425F2215700676682 /* DeleteAccountViewController.swift in Sources */,
				4488C76B25ED04E3005A32FC /* DBHelper.swift in Sources */,
				1F31525D25F60F5C00A9641C /* PreferencesViewController.swift in Sources */,
				1F4496C625EA5456000DFADD /* WeightViewController.swift in Sources */,
				1FF6914025F2521900E06C5C /* AddMealViewController.swift in Sources */,
				44F6C4CA25F9BE3C00153DC2 /* dbReader.swift in Sources */,
				1F2096C025CAB2F000C343CB /* Constants.swift in Sources */,
				4488C78325ED059F005A32FC /* Recipe.swift in Sources */,
			);
			runOnlyForDeploymentPostprocessing = 0;
		};
/* End PBXSourcesBuildPhase section */

/* Begin PBXVariantGroup section */
		1FB2FB5C25C8D57100DCD524 /* Main.storyboard */ = {
			isa = PBXVariantGroup;
			children = (
				1FB2FB5D25C8D57100DCD524 /* Base */,
			);
			name = Main.storyboard;
			sourceTree = "<group>";
		};
		1FB2FB6125C8D57400DCD524 /* LaunchScreen.storyboard */ = {
			isa = PBXVariantGroup;
			children = (
				1FB2FB6225C8D57400DCD524 /* Base */,
			);
			name = LaunchScreen.storyboard;
			sourceTree = "<group>";
		};
/* End PBXVariantGroup section */

/* Begin XCBuildConfiguration section */
		1FB2FB6525C8D57400DCD524 /* Debug */ = {
			isa = XCBuildConfiguration;
			buildSettings = {
				ALWAYS_SEARCH_USER_PATHS = NO;
				CLANG_ANALYZER_NONNULL = YES;
				CLANG_ANALYZER_NUMBER_OBJECT_CONVERSION = YES_AGGRESSIVE;
				CLANG_CXX_LANGUAGE_STANDARD = "gnu++14";
				CLANG_CXX_LIBRARY = "libc++";
				CLANG_ENABLE_MODULES = YES;
				CLANG_ENABLE_OBJC_ARC = YES;
				CLANG_ENABLE_OBJC_WEAK = YES;
				CLANG_WARN_BLOCK_CAPTURE_AUTORELEASING = YES;
				CLANG_WARN_BOOL_CONVERSION = YES;
				CLANG_WARN_COMMA = YES;
				CLANG_WARN_CONSTANT_CONVERSION = YES;
				CLANG_WARN_DEPRECATED_OBJC_IMPLEMENTATIONS = YES;
				CLANG_WARN_DIRECT_OBJC_ISA_USAGE = YES_ERROR;
				CLANG_WARN_DOCUMENTATION_COMMENTS = YES;
				CLANG_WARN_EMPTY_BODY = YES;
				CLANG_WARN_ENUM_CONVERSION = YES;
				CLANG_WARN_INFINITE_RECURSION = YES;
				CLANG_WARN_INT_CONVERSION = YES;
				CLANG_WARN_NON_LITERAL_NULL_CONVERSION = YES;
				CLANG_WARN_OBJC_IMPLICIT_RETAIN_SELF = YES;
				CLANG_WARN_OBJC_LITERAL_CONVERSION = YES;
				CLANG_WARN_OBJC_ROOT_CLASS = YES_ERROR;
				CLANG_WARN_QUOTED_INCLUDE_IN_FRAMEWORK_HEADER = YES;
				CLANG_WARN_RANGE_LOOP_ANALYSIS = YES;
				CLANG_WARN_STRICT_PROTOTYPES = YES;
				CLANG_WARN_SUSPICIOUS_MOVE = YES;
				CLANG_WARN_UNGUARDED_AVAILABILITY = YES_AGGRESSIVE;
				CLANG_WARN_UNREACHABLE_CODE = YES;
				CLANG_WARN__DUPLICATE_METHOD_MATCH = YES;
				COPY_PHASE_STRIP = NO;
				DEBUG_INFORMATION_FORMAT = dwarf;
				ENABLE_STRICT_OBJC_MSGSEND = YES;
				ENABLE_TESTABILITY = YES;
				GCC_C_LANGUAGE_STANDARD = gnu11;
				GCC_DYNAMIC_NO_PIC = NO;
				GCC_NO_COMMON_BLOCKS = YES;
				GCC_OPTIMIZATION_LEVEL = 0;
				GCC_PREPROCESSOR_DEFINITIONS = (
					"DEBUG=1",
					"$(inherited)",
				);
				GCC_WARN_64_TO_32_BIT_CONVERSION = YES;
				GCC_WARN_ABOUT_RETURN_TYPE = YES_ERROR;
				GCC_WARN_UNDECLARED_SELECTOR = YES;
				GCC_WARN_UNINITIALIZED_AUTOS = YES_AGGRESSIVE;
				GCC_WARN_UNUSED_FUNCTION = YES;
				GCC_WARN_UNUSED_VARIABLE = YES;
				IPHONEOS_DEPLOYMENT_TARGET = 14.4;
				MTL_ENABLE_DEBUG_INFO = INCLUDE_SOURCE;
				MTL_FAST_MATH = YES;
				ONLY_ACTIVE_ARCH = YES;
				SDKROOT = iphoneos;
				SWIFT_ACTIVE_COMPILATION_CONDITIONS = DEBUG;
				SWIFT_OPTIMIZATION_LEVEL = "-Onone";
			};
			name = Debug;
		};
		1FB2FB6625C8D57400DCD524 /* Release */ = {
			isa = XCBuildConfiguration;
			buildSettings = {
				ALWAYS_SEARCH_USER_PATHS = NO;
				CLANG_ANALYZER_NONNULL = YES;
				CLANG_ANALYZER_NUMBER_OBJECT_CONVERSION = YES_AGGRESSIVE;
				CLANG_CXX_LANGUAGE_STANDARD = "gnu++14";
				CLANG_CXX_LIBRARY = "libc++";
				CLANG_ENABLE_MODULES = YES;
				CLANG_ENABLE_OBJC_ARC = YES;
				CLANG_ENABLE_OBJC_WEAK = YES;
				CLANG_WARN_BLOCK_CAPTURE_AUTORELEASING = YES;
				CLANG_WARN_BOOL_CONVERSION = YES;
				CLANG_WARN_COMMA = YES;
				CLANG_WARN_CONSTANT_CONVERSION = YES;
				CLANG_WARN_DEPRECATED_OBJC_IMPLEMENTATIONS = YES;
				CLANG_WARN_DIRECT_OBJC_ISA_USAGE = YES_ERROR;
				CLANG_WARN_DOCUMENTATION_COMMENTS = YES;
				CLANG_WARN_EMPTY_BODY = YES;
				CLANG_WARN_ENUM_CONVERSION = YES;
				CLANG_WARN_INFINITE_RECURSION = YES;
				CLANG_WARN_INT_CONVERSION = YES;
				CLANG_WARN_NON_LITERAL_NULL_CONVERSION = YES;
				CLANG_WARN_OBJC_IMPLICIT_RETAIN_SELF = YES;
				CLANG_WARN_OBJC_LITERAL_CONVERSION = YES;
				CLANG_WARN_OBJC_ROOT_CLASS = YES_ERROR;
				CLANG_WARN_QUOTED_INCLUDE_IN_FRAMEWORK_HEADER = YES;
				CLANG_WARN_RANGE_LOOP_ANALYSIS = YES;
				CLANG_WARN_STRICT_PROTOTYPES = YES;
				CLANG_WARN_SUSPICIOUS_MOVE = YES;
				CLANG_WARN_UNGUARDED_AVAILABILITY = YES_AGGRESSIVE;
				CLANG_WARN_UNREACHABLE_CODE = YES;
				CLANG_WARN__DUPLICATE_METHOD_MATCH = YES;
				COPY_PHASE_STRIP = NO;
				DEBUG_INFORMATION_FORMAT = "dwarf-with-dsym";
				ENABLE_NS_ASSERTIONS = NO;
				ENABLE_STRICT_OBJC_MSGSEND = YES;
				GCC_C_LANGUAGE_STANDARD = gnu11;
				GCC_NO_COMMON_BLOCKS = YES;
				GCC_WARN_64_TO_32_BIT_CONVERSION = YES;
				GCC_WARN_ABOUT_RETURN_TYPE = YES_ERROR;
				GCC_WARN_UNDECLARED_SELECTOR = YES;
				GCC_WARN_UNINITIALIZED_AUTOS = YES_AGGRESSIVE;
				GCC_WARN_UNUSED_FUNCTION = YES;
				GCC_WARN_UNUSED_VARIABLE = YES;
				IPHONEOS_DEPLOYMENT_TARGET = 14.4;
				MTL_ENABLE_DEBUG_INFO = NO;
				MTL_FAST_MATH = YES;
				SDKROOT = iphoneos;
				SWIFT_COMPILATION_MODE = wholemodule;
				SWIFT_OPTIMIZATION_LEVEL = "-O";
				VALIDATE_PRODUCT = YES;
			};
			name = Release;
		};
		1FB2FB6825C8D57400DCD524 /* Debug */ = {
			isa = XCBuildConfiguration;
			baseConfigurationReference = 1092F5901D05FFAEA8C0C8C9 /* Pods-testing.debug.xcconfig */;
			buildSettings = {
				ASSETCATALOG_COMPILER_APPICON_NAME = AppIcon;
				ASSETCATALOG_COMPILER_GLOBAL_ACCENT_COLOR_NAME = AccentColor;
				CODE_SIGN_ENTITLEMENTS = testing/testing.entitlements;
				CODE_SIGN_STYLE = Automatic;
				DEVELOPMENT_TEAM = QCFP9BTKCQ;
				INFOPLIST_FILE = testing/Info.plist;
				LD_RUNPATH_SEARCH_PATHS = (
					"$(inherited)",
					"@executable_path/Frameworks",
				);
				PRODUCT_BUNDLE_IDENTIFIER = "Austin-Leung.testing";
				PRODUCT_NAME = "$(TARGET_NAME)";
				SWIFT_VERSION = 5.0;
				TARGETED_DEVICE_FAMILY = 1;
			};
			name = Debug;
		};
		1FB2FB6925C8D57400DCD524 /* Release */ = {
			isa = XCBuildConfiguration;
			baseConfigurationReference = E31C65D13771AB2FD875A54D /* Pods-testing.release.xcconfig */;
			buildSettings = {
				ASSETCATALOG_COMPILER_APPICON_NAME = AppIcon;
				ASSETCATALOG_COMPILER_GLOBAL_ACCENT_COLOR_NAME = AccentColor;
				CODE_SIGN_ENTITLEMENTS = testing/testing.entitlements;
				CODE_SIGN_STYLE = Automatic;
				DEVELOPMENT_TEAM = QCFP9BTKCQ;
				INFOPLIST_FILE = testing/Info.plist;
				LD_RUNPATH_SEARCH_PATHS = (
					"$(inherited)",
					"@executable_path/Frameworks",
				);
				PRODUCT_BUNDLE_IDENTIFIER = "Austin-Leung.testing";
				PRODUCT_NAME = "$(TARGET_NAME)";
				SWIFT_VERSION = 5.0;
				TARGETED_DEVICE_FAMILY = 1;
			};
			name = Release;
		};
/* End XCBuildConfiguration section */

/* Begin XCConfigurationList section */
		1FB2FB4E25C8D57100DCD524 /* Build configuration list for PBXProject "testing" */ = {
			isa = XCConfigurationList;
			buildConfigurations = (
				1FB2FB6525C8D57400DCD524 /* Debug */,
				1FB2FB6625C8D57400DCD524 /* Release */,
			);
			defaultConfigurationIsVisible = 0;
			defaultConfigurationName = Release;
		};
		1FB2FB6725C8D57400DCD524 /* Build configuration list for PBXNativeTarget "testing" */ = {
			isa = XCConfigurationList;
			buildConfigurations = (
				1FB2FB6825C8D57400DCD524 /* Debug */,
				1FB2FB6925C8D57400DCD524 /* Release */,
			);
			defaultConfigurationIsVisible = 0;
			defaultConfigurationName = Release;
		};
/* End XCConfigurationList section */

/* Begin XCRemoteSwiftPackageReference section */
		44C5420A25F8D89700832B01 /* XCRemoteSwiftPackageReference "SwiftyJSON" */ = {
			isa = XCRemoteSwiftPackageReference;
			repositoryURL = "https://github.com/SwiftyJSON/SwiftyJSON.git";
			requirement = {
				kind = upToNextMajorVersion;
				minimumVersion = 5.0.0;
			};
		};
/* End XCRemoteSwiftPackageReference section */

/* Begin XCSwiftPackageProductDependency section */
		44C5420B25F8D89700832B01 /* SwiftyJSON */ = {
			isa = XCSwiftPackageProductDependency;
			package = 44C5420A25F8D89700832B01 /* XCRemoteSwiftPackageReference "SwiftyJSON" */;
			productName = SwiftyJSON;
		};
/* End XCSwiftPackageProductDependency section */
	};
	rootObject = 1FB2FB4B25C8D57100DCD524 /* Project object */;
}
